// !$*UTF8*$!
{
	archiveVersion = 1;
	classes = {
	};
	objectVersion = 46;
	objects = {

/* Begin PBXBuildFile section */
		610725601CC5E77900FB77B0 /* PullRefreshHeaderView.swift in Sources */ = {isa = PBXBuildFile; fileRef = 6107255F1CC5E77900FB77B0 /* PullRefreshHeaderView.swift */; };
		610725621CC6085400FB77B0 /* PullRefreshFooterView.swift in Sources */ = {isa = PBXBuildFile; fileRef = 610725611CC6085400FB77B0 /* PullRefreshFooterView.swift */; };
		610725651CC61F8100FB77B0 /* TestTableViewController.swift in Sources */ = {isa = PBXBuildFile; fileRef = 610725641CC61F8100FB77B0 /* TestTableViewController.swift */; };
		611944621CC4CFC9001681F2 /* AppDelegate.swift in Sources */ = {isa = PBXBuildFile; fileRef = 611944611CC4CFC9001681F2 /* AppDelegate.swift */; };
		611944641CC4CFC9001681F2 /* ViewController.swift in Sources */ = {isa = PBXBuildFile; fileRef = 611944631CC4CFC9001681F2 /* ViewController.swift */; };
		611944691CC4CFC9001681F2 /* Assets.xcassets in Resources */ = {isa = PBXBuildFile; fileRef = 611944681CC4CFC9001681F2 /* Assets.xcassets */; };
		611944851CC4D18F001681F2 /* BaseModel.swift in Sources */ = {isa = PBXBuildFile; fileRef = 611944841CC4D18F001681F2 /* BaseModel.swift */; };
		611944871CC4D1A7001681F2 /* BaseService.swift in Sources */ = {isa = PBXBuildFile; fileRef = 611944861CC4D1A7001681F2 /* BaseService.swift */; };
		611944891CC4D1BC001681F2 /* BaseView.swift in Sources */ = {isa = PBXBuildFile; fileRef = 611944881CC4D1BC001681F2 /* BaseView.swift */; };
		6119448B1CC4D1E2001681F2 /* BaseViewController.swift in Sources */ = {isa = PBXBuildFile; fileRef = 6119448A1CC4D1E2001681F2 /* BaseViewController.swift */; };
		611944901CC4D22D001681F2 /* CommonHTTPClient.swift in Sources */ = {isa = PBXBuildFile; fileRef = 6119448F1CC4D22D001681F2 /* CommonHTTPClient.swift */; };
		611944921CC4D249001681F2 /* String+Utils.swift in Sources */ = {isa = PBXBuildFile; fileRef = 611944911CC4D249001681F2 /* String+Utils.swift */; };
		611944941CC4DA0D001681F2 /* ResponseStatusModel.swift in Sources */ = {isa = PBXBuildFile; fileRef = 611944931CC4DA0D001681F2 /* ResponseStatusModel.swift */; };
		611944961CC4DB6F001681F2 /* PageModel.swift in Sources */ = {isa = PBXBuildFile; fileRef = 611944951CC4DB6F001681F2 /* PageModel.swift */; };
		611944981CC4E2B5001681F2 /* BaseTableViewController.swift in Sources */ = {isa = PBXBuildFile; fileRef = 611944971CC4E2B5001681F2 /* BaseTableViewController.swift */; };
		611944A41CC50A88001681F2 /* PullRefreshBaseView.swift in Sources */ = {isa = PBXBuildFile; fileRef = 611944A31CC50A88001681F2 /* PullRefreshBaseView.swift */; };
		61FA85C61CC9F75100CA39B9 /* UIColor+CYUtils.swift in Sources */ = {isa = PBXBuildFile; fileRef = 61FA85C51CC9F75100CA39B9 /* UIColor+CYUtils.swift */; };
		61FA85C81CC9FB6500CA39B9 /* UIImage+CYUtils.swift in Sources */ = {isa = PBXBuildFile; fileRef = 61FA85C71CC9FB6500CA39B9 /* UIImage+CYUtils.swift */; };
		61FA85CA1CC9FD5600CA39B9 /* UIFont+CYUtils.swift in Sources */ = {isa = PBXBuildFile; fileRef = 61FA85C91CC9FD5600CA39B9 /* UIFont+CYUtils.swift */; };
		61FA85CC1CC9FD8B00CA39B9 /* UIScreen+CYUtils.swift in Sources */ = {isa = PBXBuildFile; fileRef = 61FA85CB1CC9FD8B00CA39B9 /* UIScreen+CYUtils.swift */; };
		61FA85CE1CCA05CA00CA39B9 /* UIDevice+CYUtils.swift in Sources */ = {isa = PBXBuildFile; fileRef = 61FA85CD1CCA05CA00CA39B9 /* UIDevice+CYUtils.swift */; };
		61FA85D01CCA080500CA39B9 /* Float+Utils.swift in Sources */ = {isa = PBXBuildFile; fileRef = 61FA85CF1CCA080500CA39B9 /* Float+Utils.swift */; };
		61FA85D21CCA08C000CA39B9 /* UILabel+CYUtils.swift in Sources */ = {isa = PBXBuildFile; fileRef = 61FA85D11CCA08C000CA39B9 /* UILabel+CYUtils.swift */; };
		9C746D3D5C6CE56C31CEAB99 /* Pods_CYBaseProjectSwift.framework in Frameworks */ = {isa = PBXBuildFile; fileRef = 4ABF59662115C74326DE6C02 /* Pods_CYBaseProjectSwift.framework */; };
/* End PBXBuildFile section */

/* Begin PBXFileReference section */
		4ABF59662115C74326DE6C02 /* Pods_CYBaseProjectSwift.framework */ = {isa = PBXFileReference; explicitFileType = wrapper.framework; includeInIndex = 0; path = Pods_CYBaseProjectSwift.framework; sourceTree = BUILT_PRODUCTS_DIR; };
		6107255F1CC5E77900FB77B0 /* PullRefreshHeaderView.swift */ = {isa = PBXFileReference; fileEncoding = 4; lastKnownFileType = sourcecode.swift; path = PullRefreshHeaderView.swift; sourceTree = "<group>"; };
		610725611CC6085400FB77B0 /* PullRefreshFooterView.swift */ = {isa = PBXFileReference; fileEncoding = 4; lastKnownFileType = sourcecode.swift; path = PullRefreshFooterView.swift; sourceTree = "<group>"; };
		610725641CC61F8100FB77B0 /* TestTableViewController.swift */ = {isa = PBXFileReference; fileEncoding = 4; lastKnownFileType = sourcecode.swift; path = TestTableViewController.swift; sourceTree = "<group>"; };
		6119445E1CC4CFC9001681F2 /* CYBaseProjectSwift.app */ = {isa = PBXFileReference; explicitFileType = wrapper.application; includeInIndex = 0; path = CYBaseProjectSwift.app; sourceTree = BUILT_PRODUCTS_DIR; };
		611944611CC4CFC9001681F2 /* AppDelegate.swift */ = {isa = PBXFileReference; lastKnownFileType = sourcecode.swift; path = AppDelegate.swift; sourceTree = "<group>"; };
		611944631CC4CFC9001681F2 /* ViewController.swift */ = {isa = PBXFileReference; lastKnownFileType = sourcecode.swift; path = ViewController.swift; sourceTree = "<group>"; };
		611944681CC4CFC9001681F2 /* Assets.xcassets */ = {isa = PBXFileReference; lastKnownFileType = folder.assetcatalog; path = Assets.xcassets; sourceTree = "<group>"; };
		6119446D1CC4CFC9001681F2 /* Info.plist */ = {isa = PBXFileReference; lastKnownFileType = text.plist.xml; path = Info.plist; sourceTree = "<group>"; };
		611944841CC4D18F001681F2 /* BaseModel.swift */ = {isa = PBXFileReference; fileEncoding = 4; lastKnownFileType = sourcecode.swift; path = BaseModel.swift; sourceTree = "<group>"; };
		611944861CC4D1A7001681F2 /* BaseService.swift */ = {isa = PBXFileReference; fileEncoding = 4; lastKnownFileType = sourcecode.swift; path = BaseService.swift; sourceTree = "<group>"; };
		611944881CC4D1BC001681F2 /* BaseView.swift */ = {isa = PBXFileReference; fileEncoding = 4; lastKnownFileType = sourcecode.swift; path = BaseView.swift; sourceTree = "<group>"; };
		6119448A1CC4D1E2001681F2 /* BaseViewController.swift */ = {isa = PBXFileReference; fileEncoding = 4; lastKnownFileType = sourcecode.swift; path = BaseViewController.swift; sourceTree = "<group>"; };
		6119448F1CC4D22D001681F2 /* CommonHTTPClient.swift */ = {isa = PBXFileReference; fileEncoding = 4; lastKnownFileType = sourcecode.swift; path = CommonHTTPClient.swift; sourceTree = "<group>"; };
		611944911CC4D249001681F2 /* String+Utils.swift */ = {isa = PBXFileReference; fileEncoding = 4; lastKnownFileType = sourcecode.swift; path = "String+Utils.swift"; sourceTree = "<group>"; };
		611944931CC4DA0D001681F2 /* ResponseStatusModel.swift */ = {isa = PBXFileReference; fileEncoding = 4; lastKnownFileType = sourcecode.swift; path = ResponseStatusModel.swift; sourceTree = "<group>"; };
		611944951CC4DB6F001681F2 /* PageModel.swift */ = {isa = PBXFileReference; fileEncoding = 4; lastKnownFileType = sourcecode.swift; path = PageModel.swift; sourceTree = "<group>"; };
		611944971CC4E2B5001681F2 /* BaseTableViewController.swift */ = {isa = PBXFileReference; fileEncoding = 4; lastKnownFileType = sourcecode.swift; path = BaseTableViewController.swift; sourceTree = "<group>"; };
		611944A31CC50A88001681F2 /* PullRefreshBaseView.swift */ = {isa = PBXFileReference; fileEncoding = 4; lastKnownFileType = sourcecode.swift; path = PullRefreshBaseView.swift; sourceTree = "<group>"; };
		61FA85C51CC9F75100CA39B9 /* UIColor+CYUtils.swift */ = {isa = PBXFileReference; fileEncoding = 4; lastKnownFileType = sourcecode.swift; path = "UIColor+CYUtils.swift"; sourceTree = "<group>"; };
		61FA85C71CC9FB6500CA39B9 /* UIImage+CYUtils.swift */ = {isa = PBXFileReference; fileEncoding = 4; lastKnownFileType = sourcecode.swift; path = "UIImage+CYUtils.swift"; sourceTree = "<group>"; };
		61FA85C91CC9FD5600CA39B9 /* UIFont+CYUtils.swift */ = {isa = PBXFileReference; fileEncoding = 4; lastKnownFileType = sourcecode.swift; path = "UIFont+CYUtils.swift"; sourceTree = "<group>"; };
		61FA85CB1CC9FD8B00CA39B9 /* UIScreen+CYUtils.swift */ = {isa = PBXFileReference; fileEncoding = 4; lastKnownFileType = sourcecode.swift; path = "UIScreen+CYUtils.swift"; sourceTree = "<group>"; };
		61FA85CD1CCA05CA00CA39B9 /* UIDevice+CYUtils.swift */ = {isa = PBXFileReference; fileEncoding = 4; lastKnownFileType = sourcecode.swift; path = "UIDevice+CYUtils.swift"; sourceTree = "<group>"; };
		61FA85CF1CCA080500CA39B9 /* Float+Utils.swift */ = {isa = PBXFileReference; fileEncoding = 4; lastKnownFileType = sourcecode.swift; path = "Float+Utils.swift"; sourceTree = "<group>"; };
		61FA85D11CCA08C000CA39B9 /* UILabel+CYUtils.swift */ = {isa = PBXFileReference; fileEncoding = 4; lastKnownFileType = sourcecode.swift; path = "UILabel+CYUtils.swift"; sourceTree = "<group>"; };
		BBD9EFD01E85106AF0AE422A /* Pods-CYBaseProjectSwift.debug.xcconfig */ = {isa = PBXFileReference; includeInIndex = 1; lastKnownFileType = text.xcconfig; name = "Pods-CYBaseProjectSwift.debug.xcconfig"; path = "Pods/Target Support Files/Pods-CYBaseProjectSwift/Pods-CYBaseProjectSwift.debug.xcconfig"; sourceTree = "<group>"; };
		C8F444B640E1BCEBD0623B37 /* Pods-CYBaseProjectSwift.release.xcconfig */ = {isa = PBXFileReference; includeInIndex = 1; lastKnownFileType = text.xcconfig; name = "Pods-CYBaseProjectSwift.release.xcconfig"; path = "Pods/Target Support Files/Pods-CYBaseProjectSwift/Pods-CYBaseProjectSwift.release.xcconfig"; sourceTree = "<group>"; };
/* End PBXFileReference section */

/* Begin PBXFrameworksBuildPhase section */
		6119445B1CC4CFC9001681F2 /* Frameworks */ = {
			isa = PBXFrameworksBuildPhase;
			buildActionMask = 2147483647;
			files = (
				9C746D3D5C6CE56C31CEAB99 /* Pods_CYBaseProjectSwift.framework in Frameworks */,
			);
			runOnlyForDeploymentPostprocessing = 0;
		};
/* End PBXFrameworksBuildPhase section */

/* Begin PBXGroup section */
		0341041910642F7ED2C5AB8D /* Pods */ = {
			isa = PBXGroup;
			children = (
				BBD9EFD01E85106AF0AE422A /* Pods-CYBaseProjectSwift.debug.xcconfig */,
				C8F444B640E1BCEBD0623B37 /* Pods-CYBaseProjectSwift.release.xcconfig */,
			);
			name = Pods;
			sourceTree = "<group>";
		};
		610725631CC61F6800FB77B0 /* Test */ = {
			isa = PBXGroup;
			children = (
				610725641CC61F8100FB77B0 /* TestTableViewController.swift */,
			);
			path = Test;
			sourceTree = "<group>";
		};
		611944551CC4CFC9001681F2 = {
			isa = PBXGroup;
			children = (
				611944601CC4CFC9001681F2 /* CYBaseProjectSwift */,
				6119445F1CC4CFC9001681F2 /* Products */,
				0341041910642F7ED2C5AB8D /* Pods */,
				B3F714E1526F55295B0A9A9F /* Frameworks */,
			);
			sourceTree = "<group>";
		};
		6119445F1CC4CFC9001681F2 /* Products */ = {
			isa = PBXGroup;
			children = (
				6119445E1CC4CFC9001681F2 /* CYBaseProjectSwift.app */,
			);
			name = Products;
			sourceTree = "<group>";
		};
		611944601CC4CFC9001681F2 /* CYBaseProjectSwift */ = {
			isa = PBXGroup;
			children = (
				610725631CC61F6800FB77B0 /* Test */,
				611944791CC4D17B001681F2 /* Code */,
				611944611CC4CFC9001681F2 /* AppDelegate.swift */,
				611944631CC4CFC9001681F2 /* ViewController.swift */,
				611944681CC4CFC9001681F2 /* Assets.xcassets */,
				6119446D1CC4CFC9001681F2 /* Info.plist */,
			);
			path = CYBaseProjectSwift;
			sourceTree = "<group>";
		};
		611944791CC4D17B001681F2 /* Code */ = {
			isa = PBXGroup;
			children = (
				611944A11CC5083C001681F2 /* ThirdLib */,
				6119447A1CC4D17B001681F2 /* Model */,
				6119447C1CC4D17B001681F2 /* Service */,
				6119447E1CC4D17B001681F2 /* UI */,
				611944821CC4D17B001681F2 /* Utils */,
			);
			path = Code;
			sourceTree = "<group>";
		};
		6119447A1CC4D17B001681F2 /* Model */ = {
			isa = PBXGroup;
			children = (
				6119447B1CC4D17B001681F2 /* Base */,
			);
			path = Model;
			sourceTree = "<group>";
		};
		6119447B1CC4D17B001681F2 /* Base */ = {
			isa = PBXGroup;
			children = (
				611944841CC4D18F001681F2 /* BaseModel.swift */,
				611944931CC4DA0D001681F2 /* ResponseStatusModel.swift */,
				611944951CC4DB6F001681F2 /* PageModel.swift */,
			);
			path = Base;
			sourceTree = "<group>";
		};
		6119447C1CC4D17B001681F2 /* Service */ = {
			isa = PBXGroup;
			children = (
				6119447D1CC4D17B001681F2 /* Base */,
			);
			path = Service;
			sourceTree = "<group>";
		};
		6119447D1CC4D17B001681F2 /* Base */ = {
			isa = PBXGroup;
			children = (
				611944861CC4D1A7001681F2 /* BaseService.swift */,
			);
			path = Base;
			sourceTree = "<group>";
		};
		6119447E1CC4D17B001681F2 /* UI */ = {
			isa = PBXGroup;
			children = (
				6119447F1CC4D17B001681F2 /* Base */,
			);
			path = UI;
			sourceTree = "<group>";
		};
		6119447F1CC4D17B001681F2 /* Base */ = {
			isa = PBXGroup;
			children = (
				611944801CC4D17B001681F2 /* View */,
				611944811CC4D17B001681F2 /* ViewController */,
			);
			path = Base;
			sourceTree = "<group>";
		};
		611944801CC4D17B001681F2 /* View */ = {
			isa = PBXGroup;
			children = (
				611944881CC4D1BC001681F2 /* BaseView.swift */,
			);
			path = View;
			sourceTree = "<group>";
		};
		611944811CC4D17B001681F2 /* ViewController */ = {
			isa = PBXGroup;
			children = (
				6119448A1CC4D1E2001681F2 /* BaseViewController.swift */,
				611944971CC4E2B5001681F2 /* BaseTableViewController.swift */,
			);
			path = ViewController;
			sourceTree = "<group>";
		};
		611944821CC4D17B001681F2 /* Utils */ = {
			isa = PBXGroup;
			children = (
				61FA85C41CC9F73D00CA39B9 /* UI */,
				6119448C1CC4D20D001681F2 /* Foundation */,
				6119448D1CC4D20D001681F2 /* Request */,
			);
			path = Utils;
			sourceTree = "<group>";
		};
		6119448C1CC4D20D001681F2 /* Foundation */ = {
			isa = PBXGroup;
			children = (
				611944911CC4D249001681F2 /* String+Utils.swift */,
				61FA85CF1CCA080500CA39B9 /* Float+Utils.swift */,
			);
			path = Foundation;
			sourceTree = "<group>";
		};
		6119448D1CC4D20D001681F2 /* Request */ = {
			isa = PBXGroup;
			children = (
				6119448F1CC4D22D001681F2 /* CommonHTTPClient.swift */,
			);
			path = Request;
			sourceTree = "<group>";
		};
		611944A11CC5083C001681F2 /* ThirdLib */ = {
			isa = PBXGroup;
			children = (
				611944A21CC50850001681F2 /* PullRefresh */,
			);
			path = ThirdLib;
			sourceTree = "<group>";
		};
		611944A21CC50850001681F2 /* PullRefresh */ = {
			isa = PBXGroup;
			children = (
				611944A31CC50A88001681F2 /* PullRefreshBaseView.swift */,
				6107255F1CC5E77900FB77B0 /* PullRefreshHeaderView.swift */,
				610725611CC6085400FB77B0 /* PullRefreshFooterView.swift */,
			);
			path = PullRefresh;
			sourceTree = "<group>";
		};
		61FA85C41CC9F73D00CA39B9 /* UI */ = {
			isa = PBXGroup;
			children = (
				61FA85C51CC9F75100CA39B9 /* UIColor+CYUtils.swift */,
				61FA85C71CC9FB6500CA39B9 /* UIImage+CYUtils.swift */,
				61FA85C91CC9FD5600CA39B9 /* UIFont+CYUtils.swift */,
				61FA85CB1CC9FD8B00CA39B9 /* UIScreen+CYUtils.swift */,
				61FA85CD1CCA05CA00CA39B9 /* UIDevice+CYUtils.swift */,
				61FA85D11CCA08C000CA39B9 /* UILabel+CYUtils.swift */,
			);
			path = UI;
			sourceTree = "<group>";
		};
		B3F714E1526F55295B0A9A9F /* Frameworks */ = {
			isa = PBXGroup;
			children = (
				4ABF59662115C74326DE6C02 /* Pods_CYBaseProjectSwift.framework */,
			);
			name = Frameworks;
			sourceTree = "<group>";
		};
/* End PBXGroup section */

/* Begin PBXNativeTarget section */
		6119445D1CC4CFC9001681F2 /* CYBaseProjectSwift */ = {
			isa = PBXNativeTarget;
			buildConfigurationList = 611944701CC4CFC9001681F2 /* Build configuration list for PBXNativeTarget "CYBaseProjectSwift" */;
			buildPhases = (
				C7BE503F43BCA71107EC3151 /* Check Pods Manifest.lock */,
				6119445A1CC4CFC9001681F2 /* Sources */,
				6119445B1CC4CFC9001681F2 /* Frameworks */,
				6119445C1CC4CFC9001681F2 /* Resources */,
				49C870CD68CEAD3CA0886545 /* Embed Pods Frameworks */,
				54C1D40CA71A18B669AAC27A /* Copy Pods Resources */,
			);
			buildRules = (
			);
			dependencies = (
			);
			name = CYBaseProjectSwift;
			productName = CYBaseProjectSwift;
			productReference = 6119445E1CC4CFC9001681F2 /* CYBaseProjectSwift.app */;
			productType = "com.apple.product-type.application";
		};
/* End PBXNativeTarget section */

/* Begin PBXProject section */
		611944561CC4CFC9001681F2 /* Project object */ = {
			isa = PBXProject;
			attributes = {
				LastSwiftUpdateCheck = 0730;
				LastUpgradeCheck = 0730;
				ORGANIZATIONNAME = Jasper;
				TargetAttributes = {
					6119445D1CC4CFC9001681F2 = {
						CreatedOnToolsVersion = 7.3;
					};
				};
			};
			buildConfigurationList = 611944591CC4CFC9001681F2 /* Build configuration list for PBXProject "CYBaseProjectSwift" */;
			compatibilityVersion = "Xcode 3.2";
			developmentRegion = English;
			hasScannedForEncodings = 0;
			knownRegions = (
				en,
				Base,
			);
			mainGroup = 611944551CC4CFC9001681F2;
			productRefGroup = 6119445F1CC4CFC9001681F2 /* Products */;
			projectDirPath = "";
			projectRoot = "";
			targets = (
				6119445D1CC4CFC9001681F2 /* CYBaseProjectSwift */,
			);
		};
/* End PBXProject section */

/* Begin PBXResourcesBuildPhase section */
		6119445C1CC4CFC9001681F2 /* Resources */ = {
			isa = PBXResourcesBuildPhase;
			buildActionMask = 2147483647;
			files = (
				611944691CC4CFC9001681F2 /* Assets.xcassets in Resources */,
			);
			runOnlyForDeploymentPostprocessing = 0;
		};
/* End PBXResourcesBuildPhase section */

/* Begin PBXShellScriptBuildPhase section */
		49C870CD68CEAD3CA0886545 /* Embed Pods Frameworks */ = {
			isa = PBXShellScriptBuildPhase;
			buildActionMask = 2147483647;
			files = (
			);
			inputPaths = (
			);
			name = "Embed Pods Frameworks";
			outputPaths = (
			);
			runOnlyForDeploymentPostprocessing = 0;
			shellPath = /bin/sh;
			shellScript = "\"${SRCROOT}/Pods/Target Support Files/Pods-CYBaseProjectSwift/Pods-CYBaseProjectSwift-frameworks.sh\"\n";
			showEnvVarsInLog = 0;
		};
		54C1D40CA71A18B669AAC27A /* Copy Pods Resources */ = {
			isa = PBXShellScriptBuildPhase;
			buildActionMask = 2147483647;
			files = (
			);
			inputPaths = (
			);
			name = "Copy Pods Resources";
			outputPaths = (
			);
			runOnlyForDeploymentPostprocessing = 0;
			shellPath = /bin/sh;
			shellScript = "\"${SRCROOT}/Pods/Target Support Files/Pods-CYBaseProjectSwift/Pods-CYBaseProjectSwift-resources.sh\"\n";
			showEnvVarsInLog = 0;
		};
		C7BE503F43BCA71107EC3151 /* Check Pods Manifest.lock */ = {
			isa = PBXShellScriptBuildPhase;
			buildActionMask = 2147483647;
			files = (
			);
			inputPaths = (
			);
			name = "Check Pods Manifest.lock";
			outputPaths = (
			);
			runOnlyForDeploymentPostprocessing = 0;
			shellPath = /bin/sh;
			shellScript = "diff \"${PODS_ROOT}/../Podfile.lock\" \"${PODS_ROOT}/Manifest.lock\" > /dev/null\nif [[ $? != 0 ]] ; then\n    cat << EOM\nerror: The sandbox is not in sync with the Podfile.lock. Run 'pod install' or update your CocoaPods installation.\nEOM\n    exit 1\nfi\n";
			showEnvVarsInLog = 0;
		};
/* End PBXShellScriptBuildPhase section */

/* Begin PBXSourcesBuildPhase section */
		6119445A1CC4CFC9001681F2 /* Sources */ = {
			isa = PBXSourcesBuildPhase;
			buildActionMask = 2147483647;
			files = (
				61FA85CA1CC9FD5600CA39B9 /* UIFont+CYUtils.swift in Sources */,
				61FA85C81CC9FB6500CA39B9 /* UIImage+CYUtils.swift in Sources */,
				61FA85CC1CC9FD8B00CA39B9 /* UIScreen+CYUtils.swift in Sources */,
				611944921CC4D249001681F2 /* String+Utils.swift in Sources */,
				610725601CC5E77900FB77B0 /* PullRefreshHeaderView.swift in Sources */,
				611944871CC4D1A7001681F2 /* BaseService.swift in Sources */,
				61FA85D21CCA08C000CA39B9 /* UILabel+CYUtils.swift in Sources */,
				611944851CC4D18F001681F2 /* BaseModel.swift in Sources */,
				610725621CC6085400FB77B0 /* PullRefreshFooterView.swift in Sources */,
				61FA85C61CC9F75100CA39B9 /* UIColor+CYUtils.swift in Sources */,
				611944941CC4DA0D001681F2 /* ResponseStatusModel.swift in Sources */,
				611944891CC4D1BC001681F2 /* BaseView.swift in Sources */,
				61FA85CE1CCA05CA00CA39B9 /* UIDevice+CYUtils.swift in Sources */,
				611944641CC4CFC9001681F2 /* ViewController.swift in Sources */,
				611944A41CC50A88001681F2 /* PullRefreshBaseView.swift in Sources */,
				61FA85D01CCA080500CA39B9 /* Float+Utils.swift in Sources */,
				611944961CC4DB6F001681F2 /* PageModel.swift in Sources */,
				611944901CC4D22D001681F2 /* CommonHTTPClient.swift in Sources */,
				610725651CC61F8100FB77B0 /* TestTableViewController.swift in Sources */,
				611944621CC4CFC9001681F2 /* AppDelegate.swift in Sources */,
				611944981CC4E2B5001681F2 /* BaseTableViewController.swift in Sources */,
				6119448B1CC4D1E2001681F2 /* BaseViewController.swift in Sources */,
			);
			runOnlyForDeploymentPostprocessing = 0;
		};
/* End PBXSourcesBuildPhase section */

/* Begin XCBuildConfiguration section */
		6119446E1CC4CFC9001681F2 /* Debug */ = {
			isa = XCBuildConfiguration;
			buildSettings = {
				ALWAYS_SEARCH_USER_PATHS = NO;
				CLANG_ANALYZER_NONNULL = YES;
				CLANG_CXX_LANGUAGE_STANDARD = "gnu++0x";
				CLANG_CXX_LIBRARY = "libc++";
				CLANG_ENABLE_MODULES = YES;
				CLANG_ENABLE_OBJC_ARC = YES;
				CLANG_WARN_BOOL_CONVERSION = YES;
				CLANG_WARN_CONSTANT_CONVERSION = YES;
				CLANG_WARN_DIRECT_OBJC_ISA_USAGE = YES_ERROR;
				CLANG_WARN_EMPTY_BODY = YES;
				CLANG_WARN_ENUM_CONVERSION = YES;
				CLANG_WARN_INT_CONVERSION = YES;
				CLANG_WARN_OBJC_ROOT_CLASS = YES_ERROR;
				CLANG_WARN_UNREACHABLE_CODE = YES;
				CLANG_WARN__DUPLICATE_METHOD_MATCH = YES;
				"CODE_SIGN_IDENTITY[sdk=iphoneos*]" = "iPhone Developer";
				COPY_PHASE_STRIP = NO;
				DEBUG_INFORMATION_FORMAT = dwarf;
				ENABLE_STRICT_OBJC_MSGSEND = YES;
				ENABLE_TESTABILITY = YES;
				GCC_C_LANGUAGE_STANDARD = gnu99;
				GCC_DYNAMIC_NO_PIC = NO;
				GCC_NO_COMMON_BLOCKS = YES;
				GCC_OPTIMIZATION_LEVEL = 0;
				GCC_PREPROCESSOR_DEFINITIONS = (
					"DEBUG=1",
					"$(inherited)",
				);
				GCC_WARN_64_TO_32_BIT_CONVERSION = YES;
				GCC_WARN_ABOUT_RETURN_TYPE = YES_ERROR;
				GCC_WARN_UNDECLARED_SELECTOR = YES;
				GCC_WARN_UNINITIALIZED_AUTOS = YES_AGGRESSIVE;
				GCC_WARN_UNUSED_FUNCTION = YES;
				GCC_WARN_UNUSED_VARIABLE = YES;
				IPHONEOS_DEPLOYMENT_TARGET = 9.3;
				MTL_ENABLE_DEBUG_INFO = YES;
				ONLY_ACTIVE_ARCH = YES;
				SDKROOT = iphoneos;
				SWIFT_OPTIMIZATION_LEVEL = "-Onone";
				TARGETED_DEVICE_FAMILY = "1,2";
			};
			name = Debug;
		};
		6119446F1CC4CFC9001681F2 /* Release */ = {
			isa = XCBuildConfiguration;
			buildSettings = {
				ALWAYS_SEARCH_USER_PATHS = NO;
				CLANG_ANALYZER_NONNULL = YES;
				CLANG_CXX_LANGUAGE_STANDARD = "gnu++0x";
				CLANG_CXX_LIBRARY = "libc++";
				CLANG_ENABLE_MODULES = YES;
				CLANG_ENABLE_OBJC_ARC = YES;
				CLANG_WARN_BOOL_CONVERSION = YES;
				CLANG_WARN_CONSTANT_CONVERSION = YES;
				CLANG_WARN_DIRECT_OBJC_ISA_USAGE = YES_ERROR;
				CLANG_WARN_EMPTY_BODY = YES;
				CLANG_WARN_ENUM_CONVERSION = YES;
				CLANG_WARN_INT_CONVERSION = YES;
				CLANG_WARN_OBJC_ROOT_CLASS = YES_ERROR;
				CLANG_WARN_UNREACHABLE_CODE = YES;
				CLANG_WARN__DUPLICATE_METHOD_MATCH = YES;
				"CODE_SIGN_IDENTITY[sdk=iphoneos*]" = "iPhone Developer";
				COPY_PHASE_STRIP = NO;
				DEBUG_INFORMATION_FORMAT = "dwarf-with-dsym";
				ENABLE_NS_ASSERTIONS = NO;
				ENABLE_STRICT_OBJC_MSGSEND = YES;
				GCC_C_LANGUAGE_STANDARD = gnu99;
				GCC_NO_COMMON_BLOCKS = YES;
				GCC_WARN_64_TO_32_BIT_CONVERSION = YES;
				GCC_WARN_ABOUT_RETURN_TYPE = YES_ERROR;
				GCC_WARN_UNDECLARED_SELECTOR = YES;
				GCC_WARN_UNINITIALIZED_AUTOS = YES_AGGRESSIVE;
				GCC_WARN_UNUSED_FUNCTION = YES;
				GCC_WARN_UNUSED_VARIABLE = YES;
				IPHONEOS_DEPLOYMENT_TARGET = 9.3;
				MTL_ENABLE_DEBUG_INFO = NO;
				SDKROOT = iphoneos;
				TARGETED_DEVICE_FAMILY = "1,2";
				VALIDATE_PRODUCT = YES;
			};
			name = Release;
		};
		611944711CC4CFC9001681F2 /* Debug */ = {
			isa = XCBuildConfiguration;
			baseConfigurationReference = BBD9EFD01E85106AF0AE422A /* Pods-CYBaseProjectSwift.debug.xcconfig */;
			buildSettings = {
				ASSETCATALOG_COMPILER_APPICON_NAME = AppIcon;
				INFOPLIST_FILE = CYBaseProjectSwift/Info.plist;
				IPHONEOS_DEPLOYMENT_TARGET = 8.0;
				LD_RUNPATH_SEARCH_PATHS = "$(inherited) @executable_path/Frameworks";
				PRODUCT_BUNDLE_IDENTIFIER = com.Jasper.CYBaseProjectSwift;
				PRODUCT_NAME = "$(TARGET_NAME)";
			};
			name = Debug;
		};
		611944721CC4CFC9001681F2 /* Release */ = {
			isa = XCBuildConfiguration;
			baseConfigurationReference = C8F444B640E1BCEBD0623B37 /* Pods-CYBaseProjectSwift.release.xcconfig */;
			buildSettings = {
				ASSETCATALOG_COMPILER_APPICON_NAME = AppIcon;
				INFOPLIST_FILE = CYBaseProjectSwift/Info.plist;
				IPHONEOS_DEPLOYMENT_TARGET = 8.0;
				LD_RUNPATH_SEARCH_PATHS = "$(inherited) @executable_path/Frameworks";
				PRODUCT_BUNDLE_IDENTIFIER = com.Jasper.CYBaseProjectSwift;
				PRODUCT_NAME = "$(TARGET_NAME)";
			};
			name = Release;
		};
/* End XCBuildConfiguration section */

/* Begin XCConfigurationList section */
		611944591CC4CFC9001681F2 /* Build configuration list for PBXProject "CYBaseProjectSwift" */ = {
			isa = XCConfigurationList;
			buildConfigurations = (
				6119446E1CC4CFC9001681F2 /* Debug */,
				6119446F1CC4CFC9001681F2 /* Release */,
			);
			defaultConfigurationIsVisible = 0;
			defaultConfigurationName = Release;
		};
		611944701CC4CFC9001681F2 /* Build configuration list for PBXNativeTarget "CYBaseProjectSwift" */ = {
			isa = XCConfigurationList;
			buildConfigurations = (
				611944711CC4CFC9001681F2 /* Debug */,
				611944721CC4CFC9001681F2 /* Release */,
			);
			defaultConfigurationIsVisible = 0;
			defaultConfigurationName = Release;
		};
/* End XCConfigurationList section */
	};
	rootObject = 611944561CC4CFC9001681F2 /* Project object */;
}
